
Microsoft Visual Studio Solution File, Format Version 12.00
# Visual Studio Version 17
VisualStudioVersion = 17.11.35312.102
MinimumVisualStudioVersion = 10.0.40219.1
Project("{FAE04EC0-301F-11D3-BF4B-00C04F79EFBC}") = "QuizApp", "QuizApp\QuizApp.csproj", "{D535AA07-E1AF-467C-95AC-4D9F61814A21}"
EndProject
Global
	GlobalSection(SolutionConfigurationPlatforms) = preSolution
		Debug|Any CPU = Debug|Any CPU
		Release|Any CPU = Release|Any CPU
	EndGlobalSection
	GlobalSection(ProjectConfigurationPlatforms) = postSolution
		{D535AA07-E1AF-467C-95AC-4D9F61814A21}.Debug|Any CPU.ActiveCfg = Debug|Any CPU
		{D535AA07-E1AF-467C-95AC-4D9F61814A21}.Debug|Any CPU.Build.0 = Debug|Any CPU
		{D535AA07-E1AF-467C-95AC-4D9F61814A21}.Release|Any CPU.ActiveCfg = Release|Any CPU
		{D535AA07-E1AF-467C-95AC-4D9F61814A21}.Release|Any CPU.Build.0 = Release|Any CPU
	EndGlobalSection
	GlobalSection(SolutionProperties) = preSolution
		HideSolutionNode = FALSE
	EndGlobalSection
	GlobalSection(ExtensibilityGlobals) = postSolution
		SolutionGuid = {59BE15F6-C587-4995-9179-1D4A89121420}
	EndGlobalSection
EndGlobal
